
Microsoft Visual Studio Solution File, Format Version 12.00
# Visual Studio Version 17
VisualStudioVersion = 17.7.34202.233
MinimumVisualStudioVersion = 10.0.40219.1
Project("{9A19103F-16F7-4668-BE54-9A1E7A4F7556}") = "ServiceAccounting", "ServiceAccounting\ServiceAccounting.csproj", "{48732FF2-DA03-4C28-87E8-C598B30DA3D0}"
EndProject
Project("{FAE04EC0-301F-11D3-BF4B-00C04F79EFBC}") = "Model", "Model\Model.csproj", "{0580E662-8699-472F-B964-EF192D72C8EE}"
EndProject
Project("{FAE04EC0-301F-11D3-BF4B-00C04F79EFBC}") = "Presenter", "Presenter\Presenter.csproj", "{021F220D-1902-4AD9-862E-B7BE082F7374}"
	ProjectSection(ProjectDependencies) = postProject
		{0580E662-8699-472F-B964-EF192D72C8EE} = {0580E662-8699-472F-B964-EF192D72C8EE}
		{48732FF2-DA03-4C28-87E8-C598B30DA3D0} = {48732FF2-DA03-4C28-87E8-C598B30DA3D0}
	EndProjectSection
EndProject
Global
	GlobalSection(SolutionConfigurationPlatforms) = preSolution
		Debug|Any CPU = Debug|Any CPU
		Release|Any CPU = Release|Any CPU
	EndGlobalSection
	GlobalSection(ProjectConfigurationPlatforms) = postSolution
		{48732FF2-DA03-4C28-87E8-C598B30DA3D0}.Debug|Any CPU.ActiveCfg = Debug|Any CPU
		{48732FF2-DA03-4C28-87E8-C598B30DA3D0}.Debug|Any CPU.Build.0 = Debug|Any CPU
		{48732FF2-DA03-4C28-87E8-C598B30DA3D0}.Release|Any CPU.ActiveCfg = Release|Any CPU
		{48732FF2-DA03-4C28-87E8-C598B30DA3D0}.Release|Any CPU.Build.0 = Release|Any CPU
		{0580E662-8699-472F-B964-EF192D72C8EE}.Debug|Any CPU.ActiveCfg = Debug|Any CPU
		{0580E662-8699-472F-B964-EF192D72C8EE}.Debug|Any CPU.Build.0 = Debug|Any CPU
		{0580E662-8699-472F-B964-EF192D72C8EE}.Release|Any CPU.ActiveCfg = Release|Any CPU
		{0580E662-8699-472F-B964-EF192D72C8EE}.Release|Any CPU.Build.0 = Release|Any CPU
		{021F220D-1902-4AD9-862E-B7BE082F7374}.Debug|Any CPU.ActiveCfg = Debug|Any CPU
		{021F220D-1902-4AD9-862E-B7BE082F7374}.Debug|Any CPU.Build.0 = Debug|Any CPU
		{021F220D-1902-4AD9-862E-B7BE082F7374}.Release|Any CPU.ActiveCfg = Release|Any CPU
		{021F220D-1902-4AD9-862E-B7BE082F7374}.Release|Any CPU.Build.0 = Release|Any CPU
	EndGlobalSection
	GlobalSection(SolutionProperties) = preSolution
		HideSolutionNode = FALSE
	EndGlobalSection
	GlobalSection(ExtensibilityGlobals) = postSolution
		SolutionGuid = {611F2E69-68B0-4A84-83AE-71DA6B9BC06F}
	EndGlobalSection
EndGlobal
